
Microsoft Visual Studio Solution File, Format Version 12.00
# Visual Studio Version 16
VisualStudioVersion = 16.0.30128.74
MinimumVisualStudioVersion = 10.0.40219.1
Project("{FAE04EC0-301F-11D3-BF4B-00C04F79EFBC}") = "CTS.Musicas.Web", "CTS.Musicas.Web\CTS.Musicas.Web.csproj", "{C13ACF25-ADE8-4F5C-AE52-19161F14913F}"
EndProject
Project("{2150E333-8FDC-42A3-9474-1A3956D46DE8}") = "Dominio", "Dominio", "{FFBC4532-3492-4651-8380-ECED3ED008B7}"
EndProject
Project("{FAE04EC0-301F-11D3-BF4B-00C04F79EFBC}") = "CTS.Musicas.Dominio", "CTS.Musicas.Dominio\CTS.Musicas.Dominio.csproj", "{A579B131-BF63-475D-972E-2498B7C412A6}"
EndProject
Project("{2150E333-8FDC-42A3-9474-1A3956D46DE8}") = "Acesso a Dados", "Acesso a Dados", "{50A1E20F-F4C1-4E03-AED7-4DB0B9927420}"
EndProject
Project("{FAE04EC0-301F-11D3-BF4B-00C04F79EFBC}") = "CTS.Musicas.AcessoDados.Entity", "CTS.Musicas.AcessoDados.Entity\CTS.Musicas.AcessoDados.Entity.csproj", "{8BC694B4-E95A-4764-9945-97B92196A8EE}"
EndProject
Project("{FAE04EC0-301F-11D3-BF4B-00C04F79EFBC}") = "CTS.Musicas.Comum.Entity", "CTS.Musicas.Comum.Entity\CTS.Musicas.Comum.Entity.csproj", "{FD8F04C1-7846-4958-9A2D-9267AEAE3E90}"
EndProject
Project("{2150E333-8FDC-42A3-9474-1A3956D46DE8}") = "Repositorios", "Repositorios", "{17D55002-A64A-4918-A8DA-4F21E6200E74}"
EndProject
Project("{FAE04EC0-301F-11D3-BF4B-00C04F79EFBC}") = "CTS.Repositorios.Comum", "CTS.Repositorios.Comum\CTS.Repositorios.Comum.csproj", "{B20DF1EA-722B-49E2-A89E-07DEC1DCE583}"
EndProject
Project("{FAE04EC0-301F-11D3-BF4B-00C04F79EFBC}") = "CTS.Repositorios.Comum.Entity", "CTS.Repositorios.Comum.Entity\CTS.Repositorios.Comum.Entity.csproj", "{BC0DDE73-F16E-4476-9712-4E7FD4204B6A}"
EndProject
Project("{FAE04EC0-301F-11D3-BF4B-00C04F79EFBC}") = "CTS.Musicas.Repositorios.Entity", "CTS.Musicas.Repositorios.Entity\CTS.Musicas.Repositorios.Entity.csproj", "{3BA306B5-63EB-48BE-9141-E3BEC1A35059}"
EndProject
Global
	GlobalSection(SolutionConfigurationPlatforms) = preSolution
		Debug|Any CPU = Debug|Any CPU
		Release|Any CPU = Release|Any CPU
	EndGlobalSection
	GlobalSection(ProjectConfigurationPlatforms) = postSolution
		{C13ACF25-ADE8-4F5C-AE52-19161F14913F}.Debug|Any CPU.ActiveCfg = Debug|Any CPU
		{C13ACF25-ADE8-4F5C-AE52-19161F14913F}.Debug|Any CPU.Build.0 = Debug|Any CPU
		{C13ACF25-ADE8-4F5C-AE52-19161F14913F}.Release|Any CPU.ActiveCfg = Release|Any CPU
		{C13ACF25-ADE8-4F5C-AE52-19161F14913F}.Release|Any CPU.Build.0 = Release|Any CPU
		{A579B131-BF63-475D-972E-2498B7C412A6}.Debug|Any CPU.ActiveCfg = Debug|Any CPU
		{A579B131-BF63-475D-972E-2498B7C412A6}.Debug|Any CPU.Build.0 = Debug|Any CPU
		{A579B131-BF63-475D-972E-2498B7C412A6}.Release|Any CPU.ActiveCfg = Release|Any CPU
		{A579B131-BF63-475D-972E-2498B7C412A6}.Release|Any CPU.Build.0 = Release|Any CPU
		{8BC694B4-E95A-4764-9945-97B92196A8EE}.Debug|Any CPU.ActiveCfg = Debug|Any CPU
		{8BC694B4-E95A-4764-9945-97B92196A8EE}.Debug|Any CPU.Build.0 = Debug|Any CPU
		{8BC694B4-E95A-4764-9945-97B92196A8EE}.Release|Any CPU.ActiveCfg = Release|Any CPU
		{8BC694B4-E95A-4764-9945-97B92196A8EE}.Release|Any CPU.Build.0 = Release|Any CPU
		{FD8F04C1-7846-4958-9A2D-9267AEAE3E90}.Debug|Any CPU.ActiveCfg = Debug|Any CPU
		{FD8F04C1-7846-4958-9A2D-9267AEAE3E90}.Debug|Any CPU.Build.0 = Debug|Any CPU
		{FD8F04C1-7846-4958-9A2D-9267AEAE3E90}.Release|Any CPU.ActiveCfg = Release|Any CPU
		{FD8F04C1-7846-4958-9A2D-9267AEAE3E90}.Release|Any CPU.Build.0 = Release|Any CPU
		{B20DF1EA-722B-49E2-A89E-07DEC1DCE583}.Debug|Any CPU.ActiveCfg = Debug|Any CPU
		{B20DF1EA-722B-49E2-A89E-07DEC1DCE583}.Debug|Any CPU.Build.0 = Debug|Any CPU
		{B20DF1EA-722B-49E2-A89E-07DEC1DCE583}.Release|Any CPU.ActiveCfg = Release|Any CPU
		{B20DF1EA-722B-49E2-A89E-07DEC1DCE583}.Release|Any CPU.Build.0 = Release|Any CPU
		{BC0DDE73-F16E-4476-9712-4E7FD4204B6A}.Debug|Any CPU.ActiveCfg = Debug|Any CPU
		{BC0DDE73-F16E-4476-9712-4E7FD4204B6A}.Debug|Any CPU.Build.0 = Debug|Any CPU
		{BC0DDE73-F16E-4476-9712-4E7FD4204B6A}.Release|Any CPU.ActiveCfg = Release|Any CPU
		{BC0DDE73-F16E-4476-9712-4E7FD4204B6A}.Release|Any CPU.Build.0 = Release|Any CPU
		{3BA306B5-63EB-48BE-9141-E3BEC1A35059}.Debug|Any CPU.ActiveCfg = Debug|Any CPU
		{3BA306B5-63EB-48BE-9141-E3BEC1A35059}.Debug|Any CPU.Build.0 = Debug|Any CPU
		{3BA306B5-63EB-48BE-9141-E3BEC1A35059}.Release|Any CPU.ActiveCfg = Release|Any CPU
		{3BA306B5-63EB-48BE-9141-E3BEC1A35059}.Release|Any CPU.Build.0 = Release|Any CPU
	EndGlobalSection
	GlobalSection(SolutionProperties) = preSolution
		HideSolutionNode = FALSE
	EndGlobalSection
	GlobalSection(NestedProjects) = preSolution
		{A579B131-BF63-475D-972E-2498B7C412A6} = {FFBC4532-3492-4651-8380-ECED3ED008B7}
		{8BC694B4-E95A-4764-9945-97B92196A8EE} = {50A1E20F-F4C1-4E03-AED7-4DB0B9927420}
		{FD8F04C1-7846-4958-9A2D-9267AEAE3E90} = {50A1E20F-F4C1-4E03-AED7-4DB0B9927420}
		{B20DF1EA-722B-49E2-A89E-07DEC1DCE583} = {17D55002-A64A-4918-A8DA-4F21E6200E74}
		{BC0DDE73-F16E-4476-9712-4E7FD4204B6A} = {17D55002-A64A-4918-A8DA-4F21E6200E74}
		{3BA306B5-63EB-48BE-9141-E3BEC1A35059} = {17D55002-A64A-4918-A8DA-4F21E6200E74}
	EndGlobalSection
	GlobalSection(ExtensibilityGlobals) = postSolution
		SolutionGuid = {35BEFF40-BEC6-486D-827B-7BA62BD99F09}
	EndGlobalSection
EndGlobal
